
Microsoft Visual Studio Solution File, Format Version 12.00
# Visual Studio Version 17
VisualStudioVersion = 17.10.34928.147
MinimumVisualStudioVersion = 10.0.40219.1
Project("{8BC9CEB8-8B4A-11D0-8D11-00A0C91BC942}") = "AmigurimiDesigner", "AmigurimiDesigner.vcxproj", "{4864F2EE-B874-495E-852E-232F3760CD60}"
EndProject
Project("{8BC9CEB8-8B4A-11D0-8D11-00A0C91BC942}") = "AmigurumiUnitTest", "..\AmigurumiUnitTest\AmigurumiUnitTest.vcxproj", "{31268710-A1F5-BA13-34E2-FE20F4CE9ECE}"
	ProjectSection(ProjectDependencies) = postProject
		{4864F2EE-B874-495E-852E-232F3760CD60} = {4864F2EE-B874-495E-852E-232F3760CD60}
	EndProjectSection
EndProject
Global
	GlobalSection(SolutionConfigurationPlatforms) = preSolution
		Debug|x64 = Debug|x64
		Debug|x86 = Debug|x86
		Release|x64 = Release|x64
		Release|x86 = Release|x86
	EndGlobalSection
	GlobalSection(ProjectConfigurationPlatforms) = postSolution
		{4864F2EE-B874-495E-852E-232F3760CD60}.Debug|x64.ActiveCfg = Debug|x64
		{4864F2EE-B874-495E-852E-232F3760CD60}.Debug|x64.Build.0 = Debug|x64
		{4864F2EE-B874-495E-852E-232F3760CD60}.Debug|x86.ActiveCfg = Debug|Win32
		{4864F2EE-B874-495E-852E-232F3760CD60}.Debug|x86.Build.0 = Debug|Win32
		{4864F2EE-B874-495E-852E-232F3760CD60}.Release|x64.ActiveCfg = Release|x64
		{4864F2EE-B874-495E-852E-232F3760CD60}.Release|x64.Build.0 = Release|x64
		{4864F2EE-B874-495E-852E-232F3760CD60}.Release|x86.ActiveCfg = Release|Win32
		{4864F2EE-B874-495E-852E-232F3760CD60}.Release|x86.Build.0 = Release|Win32
		{31268710-A1F5-BA13-34E2-FE20F4CE9ECE}.Debug|x64.ActiveCfg = Debug|x64
		{31268710-A1F5-BA13-34E2-FE20F4CE9ECE}.Debug|x64.Build.0 = Debug|x64
		{31268710-A1F5-BA13-34E2-FE20F4CE9ECE}.Debug|x86.ActiveCfg = Debug|Win32
		{31268710-A1F5-BA13-34E2-FE20F4CE9ECE}.Debug|x86.Build.0 = Debug|Win32
		{31268710-A1F5-BA13-34E2-FE20F4CE9ECE}.Release|x64.ActiveCfg = Release|x64
		{31268710-A1F5-BA13-34E2-FE20F4CE9ECE}.Release|x64.Build.0 = Release|x64
		{31268710-A1F5-BA13-34E2-FE20F4CE9ECE}.Release|x86.ActiveCfg = Release|Win32
		{31268710-A1F5-BA13-34E2-FE20F4CE9ECE}.Release|x86.Build.0 = Release|Win32
	EndGlobalSection
	GlobalSection(SolutionProperties) = preSolution
		HideSolutionNode = FALSE
	EndGlobalSection
	GlobalSection(ExtensibilityGlobals) = postSolution
		SolutionGuid = {C2DBB1C5-2C92-4604-90FC-E84C3C0AC770}
	EndGlobalSection
EndGlobal
